
Microsoft Visual Studio Solution File, Format Version 12.00
# Visual Studio Version 16
VisualStudioVersion = 16.0.31112.23
MinimumVisualStudioVersion = 10.0.40219.1
Project("{2150E333-8FDC-42A3-9474-1A3956D46DE8}") = "src", "src", "{E05DB4C7-9C37-4E99-BACE-F0BB058D7CE0}"
EndProject
Project("{2150E333-8FDC-42A3-9474-1A3956D46DE8}") = "tests", "tests", "{238B2725-1665-40FB-A620-04AD04637158}"
EndProject
Project("{9A19103F-16F7-4668-BE54-9A1E7A4F7556}") = "Skybot.Exchanges", "src\Skybot.Exchanges\Skybot.Exchanges.csproj", "{7FBCAC20-45E8-486B-A690-2EDCE25453D4}"
EndProject
Project("{9A19103F-16F7-4668-BE54-9A1E7A4F7556}") = "Skybot.Application", "src\Skybot.Application\Skybot.Application.csproj", "{FBD8FC31-6471-40F9-9F16-492CE389C840}"
EndProject
Project("{9A19103F-16F7-4668-BE54-9A1E7A4F7556}") = "Skybot.Domain", "src\Skybot.Domain\Skybot.Domain.csproj", "{4848978B-EEC7-4230-9FF1-8D3E804E3364}"
EndProject
Project("{9A19103F-16F7-4668-BE54-9A1E7A4F7556}") = "Skybot.Infrastructure", "src\Skybot.Infrastructure\Skybot.Infrastructure.csproj", "{10DDE79D-E9B9-4646-964D-76D5E3E99102}"
EndProject
Project("{9A19103F-16F7-4668-BE54-9A1E7A4F7556}") = "Skybot.Domain.UnitTests", "tests\Skybot.Domain.UnitTests\Skybot.Domain.UnitTests.csproj", "{16D7591C-29F2-433A-AF59-8464E7669186}"
EndProject
Project("{9A19103F-16F7-4668-BE54-9A1E7A4F7556}") = "Skybot.Web", "src\Skybot.Web\Skybot.Web.csproj", "{32C3F6A4-1A11-40D3-92C3-9F65DC08AF42}"
EndProject
Project("{E53339B2-1760-4266-BCC7-CA923CBCF16C}") = "docker-compose", "docker-compose.dcproj", "{504D6680-AEFE-4671-AEDA-A16EA9B4506B}"
EndProject
Global
	GlobalSection(SolutionConfigurationPlatforms) = preSolution
		Debug|Any CPU = Debug|Any CPU
		Release|Any CPU = Release|Any CPU
	EndGlobalSection
	GlobalSection(ProjectConfigurationPlatforms) = postSolution
		{7FBCAC20-45E8-486B-A690-2EDCE25453D4}.Debug|Any CPU.ActiveCfg = Debug|Any CPU
		{7FBCAC20-45E8-486B-A690-2EDCE25453D4}.Debug|Any CPU.Build.0 = Debug|Any CPU
		{7FBCAC20-45E8-486B-A690-2EDCE25453D4}.Release|Any CPU.ActiveCfg = Release|Any CPU
		{7FBCAC20-45E8-486B-A690-2EDCE25453D4}.Release|Any CPU.Build.0 = Release|Any CPU
		{FBD8FC31-6471-40F9-9F16-492CE389C840}.Debug|Any CPU.ActiveCfg = Debug|Any CPU
		{FBD8FC31-6471-40F9-9F16-492CE389C840}.Debug|Any CPU.Build.0 = Debug|Any CPU
		{FBD8FC31-6471-40F9-9F16-492CE389C840}.Release|Any CPU.ActiveCfg = Release|Any CPU
		{FBD8FC31-6471-40F9-9F16-492CE389C840}.Release|Any CPU.Build.0 = Release|Any CPU
		{4848978B-EEC7-4230-9FF1-8D3E804E3364}.Debug|Any CPU.ActiveCfg = Debug|Any CPU
		{4848978B-EEC7-4230-9FF1-8D3E804E3364}.Debug|Any CPU.Build.0 = Debug|Any CPU
		{4848978B-EEC7-4230-9FF1-8D3E804E3364}.Release|Any CPU.ActiveCfg = Release|Any CPU
		{4848978B-EEC7-4230-9FF1-8D3E804E3364}.Release|Any CPU.Build.0 = Release|Any CPU
		{10DDE79D-E9B9-4646-964D-76D5E3E99102}.Debug|Any CPU.ActiveCfg = Debug|Any CPU
		{10DDE79D-E9B9-4646-964D-76D5E3E99102}.Debug|Any CPU.Build.0 = Debug|Any CPU
		{10DDE79D-E9B9-4646-964D-76D5E3E99102}.Release|Any CPU.ActiveCfg = Release|Any CPU
		{10DDE79D-E9B9-4646-964D-76D5E3E99102}.Release|Any CPU.Build.0 = Release|Any CPU
		{16D7591C-29F2-433A-AF59-8464E7669186}.Debug|Any CPU.ActiveCfg = Debug|Any CPU
		{16D7591C-29F2-433A-AF59-8464E7669186}.Debug|Any CPU.Build.0 = Debug|Any CPU
		{16D7591C-29F2-433A-AF59-8464E7669186}.Release|Any CPU.ActiveCfg = Release|Any CPU
		{16D7591C-29F2-433A-AF59-8464E7669186}.Release|Any CPU.Build.0 = Release|Any CPU
		{32C3F6A4-1A11-40D3-92C3-9F65DC08AF42}.Debug|Any CPU.ActiveCfg = Debug|Any CPU
		{32C3F6A4-1A11-40D3-92C3-9F65DC08AF42}.Debug|Any CPU.Build.0 = Debug|Any CPU
		{32C3F6A4-1A11-40D3-92C3-9F65DC08AF42}.Release|Any CPU.ActiveCfg = Release|Any CPU
		{32C3F6A4-1A11-40D3-92C3-9F65DC08AF42}.Release|Any CPU.Build.0 = Release|Any CPU
		{504D6680-AEFE-4671-AEDA-A16EA9B4506B}.Debug|Any CPU.ActiveCfg = Debug|Any CPU
		{504D6680-AEFE-4671-AEDA-A16EA9B4506B}.Debug|Any CPU.Build.0 = Debug|Any CPU
		{504D6680-AEFE-4671-AEDA-A16EA9B4506B}.Release|Any CPU.ActiveCfg = Release|Any CPU
		{504D6680-AEFE-4671-AEDA-A16EA9B4506B}.Release|Any CPU.Build.0 = Release|Any CPU
	EndGlobalSection
	GlobalSection(SolutionProperties) = preSolution
		HideSolutionNode = FALSE
	EndGlobalSection
	GlobalSection(NestedProjects) = preSolution
		{7FBCAC20-45E8-486B-A690-2EDCE25453D4} = {E05DB4C7-9C37-4E99-BACE-F0BB058D7CE0}
		{FBD8FC31-6471-40F9-9F16-492CE389C840} = {E05DB4C7-9C37-4E99-BACE-F0BB058D7CE0}
		{4848978B-EEC7-4230-9FF1-8D3E804E3364} = {E05DB4C7-9C37-4E99-BACE-F0BB058D7CE0}
		{10DDE79D-E9B9-4646-964D-76D5E3E99102} = {E05DB4C7-9C37-4E99-BACE-F0BB058D7CE0}
		{16D7591C-29F2-433A-AF59-8464E7669186} = {238B2725-1665-40FB-A620-04AD04637158}
		{32C3F6A4-1A11-40D3-92C3-9F65DC08AF42} = {E05DB4C7-9C37-4E99-BACE-F0BB058D7CE0}
	EndGlobalSection
	GlobalSection(ExtensibilityGlobals) = postSolution
		SolutionGuid = {80FDDA10-97AD-40E3-9985-ECC6BF6E23FE}
	EndGlobalSection
EndGlobal
